// !$*UTF8*$!
{
	archiveVersion = 1;
	classes = {
	};
	objectVersion = 56;
	objects = {

/* Begin PBXBuildFile section */
		A58AD2FC297E673100BBAFDD /* AppDelegate.swift in Sources */ = {isa = PBXBuildFile; fileRef = A58AD2FB297E673100BBAFDD /* AppDelegate.swift */; };
		A58AD2FE297E673100BBAFDD /* SceneDelegate.swift in Sources */ = {isa = PBXBuildFile; fileRef = A58AD2FD297E673100BBAFDD /* SceneDelegate.swift */; };
		A58AD300297E673100BBAFDD /* ViewController.swift in Sources */ = {isa = PBXBuildFile; fileRef = A58AD2FF297E673100BBAFDD /* ViewController.swift */; };
		A58AD305297E673200BBAFDD /* Assets.xcassets in Resources */ = {isa = PBXBuildFile; fileRef = A58AD304297E673200BBAFDD /* Assets.xcassets */; };
		A58AD308297E673200BBAFDD /* LaunchScreen.storyboard in Resources */ = {isa = PBXBuildFile; fileRef = A58AD306297E673200BBAFDD /* LaunchScreen.storyboard */; };
		A58AD315297E761300BBAFDD /* CellCollectionViewCell.swift in Sources */ = {isa = PBXBuildFile; fileRef = A58AD314297E761300BBAFDD /* CellCollectionViewCell.swift */; };
/* End PBXBuildFile section */

/* Begin PBXFileReference section */
		A58AD2F8297E673100BBAFDD /* Home Work 16 (MVVM).app */ = {isa = PBXFileReference; explicitFileType = wrapper.application; includeInIndex = 0; path = "Home Work 16 (MVVM).app"; sourceTree = BUILT_PRODUCTS_DIR; };
		A58AD2FB297E673100BBAFDD /* AppDelegate.swift */ = {isa = PBXFileReference; lastKnownFileType = sourcecode.swift; path = AppDelegate.swift; sourceTree = "<group>"; };
		A58AD2FD297E673100BBAFDD /* SceneDelegate.swift */ = {isa = PBXFileReference; lastKnownFileType = sourcecode.swift; path = SceneDelegate.swift; sourceTree = "<group>"; };
		A58AD2FF297E673100BBAFDD /* ViewController.swift */ = {isa = PBXFileReference; lastKnownFileType = sourcecode.swift; path = ViewController.swift; sourceTree = "<group>"; };
		A58AD304297E673200BBAFDD /* Assets.xcassets */ = {isa = PBXFileReference; lastKnownFileType = folder.assetcatalog; path = Assets.xcassets; sourceTree = "<group>"; };
		A58AD307297E673200BBAFDD /* Base */ = {isa = PBXFileReference; lastKnownFileType = file.storyboard; name = Base; path = Base.lproj/LaunchScreen.storyboard; sourceTree = "<group>"; };
		A58AD309297E673200BBAFDD /* Info.plist */ = {isa = PBXFileReference; lastKnownFileType = text.plist.xml; path = Info.plist; sourceTree = "<group>"; };
		A58AD314297E761300BBAFDD /* CellCollectionViewCell.swift */ = {isa = PBXFileReference; lastKnownFileType = sourcecode.swift; path = CellCollectionViewCell.swift; sourceTree = "<group>"; };
/* End PBXFileReference section */

/* Begin PBXFrameworksBuildPhase section */
		A58AD2F5297E673100BBAFDD /* Frameworks */ = {
			isa = PBXFrameworksBuildPhase;
			buildActionMask = 2147483647;
			files = (
			);
			runOnlyForDeploymentPostprocessing = 0;
		};
/* End PBXFrameworksBuildPhase section */

/* Begin PBXGroup section */
		A58AD2EF297E673100BBAFDD = {
			isa = PBXGroup;
			children = (
				A58AD2FA297E673100BBAFDD /* Home Work 16 (MVVM) */,
				A58AD2F9297E673100BBAFDD /* Products */,
			);
			sourceTree = "<group>";
		};
		A58AD2F9297E673100BBAFDD /* Products */ = {
			isa = PBXGroup;
			children = (
				A58AD2F8297E673100BBAFDD /* Home Work 16 (MVVM).app */,
			);
			name = Products;
			sourceTree = "<group>";
		};
		A58AD2FA297E673100BBAFDD /* Home Work 16 (MVVM) */ = {
			isa = PBXGroup;
			children = (
				A58AD30F297E678900BBAFDD /* Source */,
				A58AD312297E757A00BBAFDD /* Cells */,
				A58AD310297E678F00BBAFDD /* Resource */,
			);
			path = "Home Work 16 (MVVM)";
			sourceTree = "<group>";
		};
		A58AD30F297E678900BBAFDD /* Source */ = {
			isa = PBXGroup;
			children = (
				A58AD313297E758500BBAFDD /* ViewController */,
				A58AD2FF297E673100BBAFDD /* ViewController.swift */,
				A58AD311297E67A800BBAFDD /* App */,
			);
			path = Source;
			sourceTree = "<group>";
		};
		A58AD310297E678F00BBAFDD /* Resource */ = {
			isa = PBXGroup;
			children = (
				A58AD304297E673200BBAFDD /* Assets.xcassets */,
				A58AD306297E673200BBAFDD /* LaunchScreen.storyboard */,
				A58AD309297E673200BBAFDD /* Info.plist */,
			);
			path = Resource;
			sourceTree = "<group>";
		};
		A58AD311297E67A800BBAFDD /* App */ = {
			isa = PBXGroup;
			children = (
				A58AD2FB297E673100BBAFDD /* AppDelegate.swift */,
				A58AD2FD297E673100BBAFDD /* SceneDelegate.swift */,
			);
			path = App;
			sourceTree = "<group>";
		};
		A58AD312297E757A00BBAFDD /* Cells */ = {
			isa = PBXGroup;
			children = (
				A58AD314297E761300BBAFDD /* CellCollectionViewCell.swift */,
			);
			path = Cells;
			sourceTree = "<group>";
		};
		A58AD313297E758500BBAFDD /* ViewController */ = {
			isa = PBXGroup;
			children = (
			);
			path = ViewController;
			sourceTree = "<group>";
		};
/* End PBXGroup section */

/* Begin PBXNativeTarget section */
		A58AD2F7297E673100BBAFDD /* Home Work 16 (MVVM) */ = {
			isa = PBXNativeTarget;
			buildConfigurationList = A58AD30C297E673200BBAFDD /* Build configuration list for PBXNativeTarget "Home Work 16 (MVVM)" */;
			buildPhases = (
				A58AD2F4297E673100BBAFDD /* Sources */,
				A58AD2F5297E673100BBAFDD /* Frameworks */,
				A58AD2F6297E673100BBAFDD /* Resources */,
			);
			buildRules = (
			);
			dependencies = (
			);
			name = "Home Work 16 (MVVM)";
			productName = "Home Work 16 (MVVM)";
			productReference = A58AD2F8297E673100BBAFDD /* Home Work 16 (MVVM).app */;
			productType = "com.apple.product-type.application";
		};
/* End PBXNativeTarget section */

/* Begin PBXProject section */
		A58AD2F0297E673100BBAFDD /* Project object */ = {
			isa = PBXProject;
			attributes = {
				BuildIndependentTargetsInParallel = 1;
				LastSwiftUpdateCheck = 1420;
				LastUpgradeCheck = 1420;
				TargetAttributes = {
					A58AD2F7297E673100BBAFDD = {
						CreatedOnToolsVersion = 14.2;
					};
				};
			};
			buildConfigurationList = A58AD2F3297E673100BBAFDD /* Build configuration list for PBXProject "Home Work 16 (MVVM)" */;
			compatibilityVersion = "Xcode 14.0";
			developmentRegion = en;
			hasScannedForEncodings = 0;
			knownRegions = (
				en,
				Base,
			);
			mainGroup = A58AD2EF297E673100BBAFDD;
			productRefGroup = A58AD2F9297E673100BBAFDD /* Products */;
			projectDirPath = "";
			projectRoot = "";
			targets = (
				A58AD2F7297E673100BBAFDD /* Home Work 16 (MVVM) */,
			);
		};
/* End PBXProject section */

/* Begin PBXResourcesBuildPhase section */
		A58AD2F6297E673100BBAFDD /* Resources */ = {
			isa = PBXResourcesBuildPhase;
			buildActionMask = 2147483647;
			files = (
				A58AD308297E673200BBAFDD /* LaunchScreen.storyboard in Resources */,
				A58AD305297E673200BBAFDD /* Assets.xcassets in Resources */,
			);
			runOnlyForDeploymentPostprocessing = 0;
		};
/* End PBXResourcesBuildPhase section */

/* Begin PBXSourcesBuildPhase section */
		A58AD2F4297E673100BBAFDD /* Sources */ = {
			isa = PBXSourcesBuildPhase;
			buildActionMask = 2147483647;
			files = (
				A58AD300297E673100BBAFDD /* ViewController.swift in Sources */,
				A58AD2FC297E673100BBAFDD /* AppDelegate.swift in Sources */,
				A58AD315297E761300BBAFDD /* CellCollectionViewCell.swift in Sources */,
				A58AD2FE297E673100BBAFDD /* SceneDelegate.swift in Sources */,
			);
			runOnlyForDeploymentPostprocessing = 0;
		};
/* End PBXSourcesBuildPhase section */

/* Begin PBXVariantGroup section */
		A58AD306297E673200BBAFDD /* LaunchScreen.storyboard */ = {
			isa = PBXVariantGroup;
			children = (
				A58AD307297E673200BBAFDD /* Base */,
			);
			name = LaunchScreen.storyboard;
			sourceTree = "<group>";
		};
/* End PBXVariantGroup section */

/* Begin XCBuildConfiguration section */
		A58AD30A297E673200BBAFDD /* Debug */ = {
			isa = XCBuildConfiguration;
			buildSettings = {
				ALWAYS_SEARCH_USER_PATHS = NO;
				CLANG_ANALYZER_NONNULL = YES;
				CLANG_ANALYZER_NUMBER_OBJECT_CONVERSION = YES_AGGRESSIVE;
				CLANG_CXX_LANGUAGE_STANDARD = "gnu++20";
				CLANG_ENABLE_MODULES = YES;
				CLANG_ENABLE_OBJC_ARC = YES;
				CLANG_ENABLE_OBJC_WEAK = YES;
				CLANG_WARN_BLOCK_CAPTURE_AUTORELEASING = YES;
				CLANG_WARN_BOOL_CONVERSION = YES;
				CLANG_WARN_COMMA = YES;
				CLANG_WARN_CONSTANT_CONVERSION = YES;
				CLANG_WARN_DEPRECATED_OBJC_IMPLEMENTATIONS = YES;
				CLANG_WARN_DIRECT_OBJC_ISA_USAGE = YES_ERROR;
				CLANG_WARN_DOCUMENTATION_COMMENTS = YES;
				CLANG_WARN_EMPTY_BODY = YES;
				CLANG_WARN_ENUM_CONVERSION = YES;
				CLANG_WARN_INFINITE_RECURSION = YES;
				CLANG_WARN_INT_CONVERSION = YES;
				CLANG_WARN_NON_LITERAL_NULL_CONVERSION = YES;
				CLANG_WARN_OBJC_IMPLICIT_RETAIN_SELF = YES;
				CLANG_WARN_OBJC_LITERAL_CONVERSION = YES;
				CLANG_WARN_OBJC_ROOT_CLASS = YES_ERROR;
				CLANG_WARN_QUOTED_INCLUDE_IN_FRAMEWORK_HEADER = YES;
				CLANG_WARN_RANGE_LOOP_ANALYSIS = YES;
				CLANG_WARN_STRICT_PROTOTYPES = YES;
				CLANG_WARN_SUSPICIOUS_MOVE = YES;
				CLANG_WARN_UNGUARDED_AVAILABILITY = YES_AGGRESSIVE;
				CLANG_WARN_UNREACHABLE_CODE = YES;
				CLANG_WARN__DUPLICATE_METHOD_MATCH = YES;
				COPY_PHASE_STRIP = NO;
				DEBUG_INFORMATION_FORMAT = dwarf;
				ENABLE_STRICT_OBJC_MSGSEND = YES;
				ENABLE_TESTABILITY = YES;
				GCC_C_LANGUAGE_STANDARD = gnu11;
				GCC_DYNAMIC_NO_PIC = NO;
				GCC_NO_COMMON_BLOCKS = YES;
				GCC_OPTIMIZATION_LEVEL = 0;
				GCC_PREPROCESSOR_DEFINITIONS = (
					"DEBUG=1",
					"$(inherited)",
				);
				GCC_WARN_64_TO_32_BIT_CONVERSION = YES;
				GCC_WARN_ABOUT_RETURN_TYPE = YES_ERROR;
				GCC_WARN_UNDECLARED_SELECTOR = YES;
				GCC_WARN_UNINITIALIZED_AUTOS = YES_AGGRESSIVE;
				GCC_WARN_UNUSED_FUNCTION = YES;
				GCC_WARN_UNUSED_VARIABLE = YES;
				IPHONEOS_DEPLOYMENT_TARGET = 16.2;
				MTL_ENABLE_DEBUG_INFO = INCLUDE_SOURCE;
				MTL_FAST_MATH = YES;
				ONLY_ACTIVE_ARCH = YES;
				SDKROOT = iphoneos;
				SWIFT_ACTIVE_COMPILATION_CONDITIONS = DEBUG;
				SWIFT_OPTIMIZATION_LEVEL = "-Onone";
			};
			name = Debug;
		};
		A58AD30B297E673200BBAFDD /* Release */ = {
			isa = XCBuildConfiguration;
			buildSettings = {
				ALWAYS_SEARCH_USER_PATHS = NO;
				CLANG_ANALYZER_NONNULL = YES;
				CLANG_ANALYZER_NUMBER_OBJECT_CONVERSION = YES_AGGRESSIVE;
				CLANG_CXX_LANGUAGE_STANDARD = "gnu++20";
				CLANG_ENABLE_MODULES = YES;
				CLANG_ENABLE_OBJC_ARC = YES;
				CLANG_ENABLE_OBJC_WEAK = YES;
				CLANG_WARN_BLOCK_CAPTURE_AUTORELEASING = YES;
				CLANG_WARN_BOOL_CONVERSION = YES;
				CLANG_WARN_COMMA = YES;
				CLANG_WARN_CONSTANT_CONVERSION = YES;
				CLANG_WARN_DEPRECATED_OBJC_IMPLEMENTATIONS = YES;
				CLANG_WARN_DIRECT_OBJC_ISA_USAGE = YES_ERROR;
				CLANG_WARN_DOCUMENTATION_COMMENTS = YES;
				CLANG_WARN_EMPTY_BODY = YES;
				CLANG_WARN_ENUM_CONVERSION = YES;
				CLANG_WARN_INFINITE_RECURSION = YES;
				CLANG_WARN_INT_CONVERSION = YES;
				CLANG_WARN_NON_LITERAL_NULL_CONVERSION = YES;
				CLANG_WARN_OBJC_IMPLICIT_RETAIN_SELF = YES;
				CLANG_WARN_OBJC_LITERAL_CONVERSION = YES;
				CLANG_WARN_OBJC_ROOT_CLASS = YES_ERROR;
				CLANG_WARN_QUOTED_INCLUDE_IN_FRAMEWORK_HEADER = YES;
				CLANG_WARN_RANGE_LOOP_ANALYSIS = YES;
				CLANG_WARN_STRICT_PROTOTYPES = YES;
				CLANG_WARN_SUSPICIOUS_MOVE = YES;
				CLANG_WARN_UNGUARDED_AVAILABILITY = YES_AGGRESSIVE;
				CLANG_WARN_UNREACHABLE_CODE = YES;
				CLANG_WARN__DUPLICATE_METHOD_MATCH = YES;
				COPY_PHASE_STRIP = NO;
				DEBUG_INFORMATION_FORMAT = "dwarf-with-dsym";
				ENABLE_NS_ASSERTIONS = NO;
				ENABLE_STRICT_OBJC_MSGSEND = YES;
				GCC_C_LANGUAGE_STANDARD = gnu11;
				GCC_NO_COMMON_BLOCKS = YES;
				GCC_WARN_64_TO_32_BIT_CONVERSION = YES;
				GCC_WARN_ABOUT_RETURN_TYPE = YES_ERROR;
				GCC_WARN_UNDECLARED_SELECTOR = YES;
				GCC_WARN_UNINITIALIZED_AUTOS = YES_AGGRESSIVE;
				GCC_WARN_UNUSED_FUNCTION = YES;
				GCC_WARN_UNUSED_VARIABLE = YES;
				IPHONEOS_DEPLOYMENT_TARGET = 16.2;
				MTL_ENABLE_DEBUG_INFO = NO;
				MTL_FAST_MATH = YES;
				SDKROOT = iphoneos;
				SWIFT_COMPILATION_MODE = wholemodule;
				SWIFT_OPTIMIZATION_LEVEL = "-O";
				VALIDATE_PRODUCT = YES;
			};
			name = Release;
		};
		A58AD30D297E673200BBAFDD /* Debug */ = {
			isa = XCBuildConfiguration;
			buildSettings = {
				ASSETCATALOG_COMPILER_APPICON_NAME = AppIcon;
				ASSETCATALOG_COMPILER_GLOBAL_ACCENT_COLOR_NAME = AccentColor;
				CODE_SIGN_STYLE = Automatic;
				CURRENT_PROJECT_VERSION = 1;
				DEVELOPMENT_TEAM = 8PHY3R68LB;
				GENERATE_INFOPLIST_FILE = YES;
				INFOPLIST_FILE = "Home Work 16 (MVVM)/Resource/Info.plist";
				INFOPLIST_KEY_UIApplicationSupportsIndirectInputEvents = YES;
				INFOPLIST_KEY_UILaunchStoryboardName = LaunchScreen;
				INFOPLIST_KEY_UISupportedInterfaceOrientations_iPad = "UIInterfaceOrientationPortrait UIInterfaceOrientationPortraitUpsideDown UIInterfaceOrientationLandscapeLeft UIInterfaceOrientationLandscapeRight";
				INFOPLIST_KEY_UISupportedInterfaceOrientations_iPhone = "UIInterfaceOrientationPortrait UIInterfaceOrientationLandscapeLeft UIInterfaceOrientationLandscapeRight";
				IPHONEOS_DEPLOYMENT_TARGET = 14.0;
				LD_RUNPATH_SEARCH_PATHS = (
					"$(inherited)",
					"@executable_path/Frameworks",
				);
				MARKETING_VERSION = 1.0;
				PRODUCT_BUNDLE_IDENTIFIER = "com.my.Home-Work-16--MVVM-";
				PRODUCT_NAME = "$(TARGET_NAME)";
				SWIFT_EMIT_LOC_STRINGS = YES;
				SWIFT_VERSION = 5.0;
				TARGETED_DEVICE_FAMILY = "1,2";
			};
			name = Debug;
		};
		A58AD30E297E673200BBAFDD /* Release */ = {
			isa = XCBuildConfiguration;
			buildSettings = {
				ASSETCATALOG_COMPILER_APPICON_NAME = AppIcon;
				ASSETCATALOG_COMPILER_GLOBAL_ACCENT_COLOR_NAME = AccentColor;
				CODE_SIGN_STYLE = Automatic;
				CURRENT_PROJECT_VERSION = 1;
				DEVELOPMENT_TEAM = 8PHY3R68LB;
				GENERATE_INFOPLIST_FILE = YES;
				INFOPLIST_FILE = "Home Work 16 (MVVM)/Resource/Info.plist";
				INFOPLIST_KEY_UIApplicationSupportsIndirectInputEvents = YES;
				INFOPLIST_KEY_UILaunchStoryboardName = LaunchScreen;
				INFOPLIST_KEY_UISupportedInterfaceOrientations_iPad = "UIInterfaceOrientationPortrait UIInterfaceOrientationPortraitUpsideDown UIInterfaceOrientationLandscapeLeft UIInterfaceOrientationLandscapeRight";
				INFOPLIST_KEY_UISupportedInterfaceOrientations_iPhone = "UIInterfaceOrientationPortrait UIInterfaceOrientationLandscapeLeft UIInterfaceOrientationLandscapeRight";
				IPHONEOS_DEPLOYMENT_TARGET = 14.0;
				LD_RUNPATH_SEARCH_PATHS = (
					"$(inherited)",
					"@executable_path/Frameworks",
				);
				MARKETING_VERSION = 1.0;
				PRODUCT_BUNDLE_IDENTIFIER = "com.my.Home-Work-16--MVVM-";
				PRODUCT_NAME = "$(TARGET_NAME)";
				SWIFT_EMIT_LOC_STRINGS = YES;
				SWIFT_VERSION = 5.0;
				TARGETED_DEVICE_FAMILY = "1,2";
			};
			name = Release;
		};
/* End XCBuildConfiguration section */

/* Begin XCConfigurationList section */
		A58AD2F3297E673100BBAFDD /* Build configuration list for PBXProject "Home Work 16 (MVVM)" */ = {
			isa = XCConfigurationList;
			buildConfigurations = (
				A58AD30A297E673200BBAFDD /* Debug */,
				A58AD30B297E673200BBAFDD /* Release */,
			);
			defaultConfigurationIsVisible = 0;
			defaultConfigurationName = Release;
		};
		A58AD30C297E673200BBAFDD /* Build configuration list for PBXNativeTarget "Home Work 16 (MVVM)" */ = {
			isa = XCConfigurationList;
			buildConfigurations = (
				A58AD30D297E673200BBAFDD /* Debug */,
				A58AD30E297E673200BBAFDD /* Release */,
			);
			defaultConfigurationIsVisible = 0;
			defaultConfigurationName = Release;
		};
/* End XCConfigurationList section */
	};
	rootObject = A58AD2F0297E673100BBAFDD /* Project object */;
}
